// !$*UTF8*$!
{
	archiveVersion = 1;
	classes = {
	};
	objectVersion = 56;
	objects = {

/* Begin PBXBuildFile section */
		3C0219D02B88C9BC00E105D7 /* HomePage.swift in Sources */ = {isa = PBXBuildFile; fileRef = 3C0219CF2B88C9BC00E105D7 /* HomePage.swift */; };
		3C0219D22B88D0DB00E105D7 /* logo.png in Resources */ = {isa = PBXBuildFile; fileRef = 3C0219D12B88D0DB00E105D7 /* logo.png */; };
		3C0219D42B88D46C00E105D7 /* ThemeManager.swift in Sources */ = {isa = PBXBuildFile; fileRef = 3C0219D32B88D46C00E105D7 /* ThemeManager.swift */; };
		3C1D07CD2B6A8E290014E0D3 /* Sudoku_solverApp.swift in Sources */ = {isa = PBXBuildFile; fileRef = 3C1D07CC2B6A8E290014E0D3 /* Sudoku_solverApp.swift */; };
		3C1D07CF2B6A8E290014E0D3 /* SudokuView.swift in Sources */ = {isa = PBXBuildFile; fileRef = 3C1D07CE2B6A8E290014E0D3 /* SudokuView.swift */; };
		3C1D07D12B6A8E2A0014E0D3 /* Assets.xcassets in Resources */ = {isa = PBXBuildFile; fileRef = 3C1D07D02B6A8E2A0014E0D3 /* Assets.xcassets */; };
		3C1D07D42B6A8E2A0014E0D3 /* Preview Assets.xcassets in Resources */ = {isa = PBXBuildFile; fileRef = 3C1D07D32B6A8E2A0014E0D3 /* Preview Assets.xcassets */; };
		3C1D07DE2B6A8E2A0014E0D3 /* Sudoku_solverTests.swift in Sources */ = {isa = PBXBuildFile; fileRef = 3C1D07DD2B6A8E2A0014E0D3 /* Sudoku_solverTests.swift */; };
		3C1D07E82B6A8E2A0014E0D3 /* Sudoku_solverUITests.swift in Sources */ = {isa = PBXBuildFile; fileRef = 3C1D07E72B6A8E2A0014E0D3 /* Sudoku_solverUITests.swift */; };
		3C1D07EA2B6A8E2A0014E0D3 /* Sudoku_solverUITestsLaunchTests.swift in Sources */ = {isa = PBXBuildFile; fileRef = 3C1D07E92B6A8E2A0014E0D3 /* Sudoku_solverUITestsLaunchTests.swift */; };
		3C1D07F72B6A95CC0014E0D3 /* SudokuSolver.swift in Sources */ = {isa = PBXBuildFile; fileRef = 3C1D07F62B6A95CC0014E0D3 /* SudokuSolver.swift */; };
/* End PBXBuildFile section */

/* Begin PBXContainerItemProxy section */
		3C1D07DA2B6A8E2A0014E0D3 /* PBXContainerItemProxy */ = {
			isa = PBXContainerItemProxy;
			containerPortal = 3C1D07C12B6A8E290014E0D3 /* Project object */;
			proxyType = 1;
			remoteGlobalIDString = 3C1D07C82B6A8E290014E0D3;
			remoteInfo = Sudoku_solver;
		};
		3C1D07E42B6A8E2A0014E0D3 /* PBXContainerItemProxy */ = {
			isa = PBXContainerItemProxy;
			containerPortal = 3C1D07C12B6A8E290014E0D3 /* Project object */;
			proxyType = 1;
			remoteGlobalIDString = 3C1D07C82B6A8E290014E0D3;
			remoteInfo = Sudoku_solver;
		};
/* End PBXContainerItemProxy section */

/* Begin PBXFileReference section */
		3C0219CF2B88C9BC00E105D7 /* HomePage.swift */ = {isa = PBXFileReference; lastKnownFileType = sourcecode.swift; path = HomePage.swift; sourceTree = "<group>"; };
		3C0219D12B88D0DB00E105D7 /* logo.png */ = {isa = PBXFileReference; lastKnownFileType = image.png; name = logo.png; path = ../../../../../Downloads/logo.png; sourceTree = "<group>"; };
		3C0219D32B88D46C00E105D7 /* ThemeManager.swift */ = {isa = PBXFileReference; lastKnownFileType = sourcecode.swift; path = ThemeManager.swift; sourceTree = "<group>"; };
		3C1D07C92B6A8E290014E0D3 /* Sudoku_solver.app */ = {isa = PBXFileReference; explicitFileType = wrapper.application; includeInIndex = 0; path = Sudoku_solver.app; sourceTree = BUILT_PRODUCTS_DIR; };
		3C1D07CC2B6A8E290014E0D3 /* Sudoku_solverApp.swift */ = {isa = PBXFileReference; lastKnownFileType = sourcecode.swift; path = Sudoku_solverApp.swift; sourceTree = "<group>"; };
		3C1D07CE2B6A8E290014E0D3 /* SudokuView.swift */ = {isa = PBXFileReference; lastKnownFileType = sourcecode.swift; path = SudokuView.swift; sourceTree = "<group>"; };
		3C1D07D02B6A8E2A0014E0D3 /* Assets.xcassets */ = {isa = PBXFileReference; lastKnownFileType = folder.assetcatalog; path = Assets.xcassets; sourceTree = "<group>"; };
		3C1D07D32B6A8E2A0014E0D3 /* Preview Assets.xcassets */ = {isa = PBXFileReference; lastKnownFileType = folder.assetcatalog; path = "Preview Assets.xcassets"; sourceTree = "<group>"; };
		3C1D07D92B6A8E2A0014E0D3 /* Sudoku_solverTests.xctest */ = {isa = PBXFileReference; explicitFileType = wrapper.cfbundle; includeInIndex = 0; path = Sudoku_solverTests.xctest; sourceTree = BUILT_PRODUCTS_DIR; };
		3C1D07DD2B6A8E2A0014E0D3 /* Sudoku_solverTests.swift */ = {isa = PBXFileReference; lastKnownFileType = sourcecode.swift; path = Sudoku_solverTests.swift; sourceTree = "<group>"; };
		3C1D07E32B6A8E2A0014E0D3 /* Sudoku_solverUITests.xctest */ = {isa = PBXFileReference; explicitFileType = wrapper.cfbundle; includeInIndex = 0; path = Sudoku_solverUITests.xctest; sourceTree = BUILT_PRODUCTS_DIR; };
		3C1D07E72B6A8E2A0014E0D3 /* Sudoku_solverUITests.swift */ = {isa = PBXFileReference; lastKnownFileType = sourcecode.swift; path = Sudoku_solverUITests.swift; sourceTree = "<group>"; };
		3C1D07E92B6A8E2A0014E0D3 /* Sudoku_solverUITestsLaunchTests.swift */ = {isa = PBXFileReference; lastKnownFileType = sourcecode.swift; path = Sudoku_solverUITestsLaunchTests.swift; sourceTree = "<group>"; };
		3C1D07F62B6A95CC0014E0D3 /* SudokuSolver.swift */ = {isa = PBXFileReference; lastKnownFileType = sourcecode.swift; path = SudokuSolver.swift; sourceTree = "<group>"; };
/* End PBXFileReference section */

/* Begin PBXFrameworksBuildPhase section */
		3C1D07C62B6A8E290014E0D3 /* Frameworks */ = {
			isa = PBXFrameworksBuildPhase;
			buildActionMask = 2147483647;
			files = (
			);
			runOnlyForDeploymentPostprocessing = 0;
		};
		3C1D07D62B6A8E2A0014E0D3 /* Frameworks */ = {
			isa = PBXFrameworksBuildPhase;
			buildActionMask = 2147483647;
			files = (
			);
			runOnlyForDeploymentPostprocessing = 0;
		};
		3C1D07E02B6A8E2A0014E0D3 /* Frameworks */ = {
			isa = PBXFrameworksBuildPhase;
			buildActionMask = 2147483647;
			files = (
			);
			runOnlyForDeploymentPostprocessing = 0;
		};
/* End PBXFrameworksBuildPhase section */

/* Begin PBXGroup section */
		3C1D07C02B6A8E290014E0D3 = {
			isa = PBXGroup;
			children = (
				3C1D07CB2B6A8E290014E0D3 /* Sudoku_solver */,
				3C1D07DC2B6A8E2A0014E0D3 /* Sudoku_solverTests */,
				3C1D07E62B6A8E2A0014E0D3 /* Sudoku_solverUITests */,
				3C1D07CA2B6A8E290014E0D3 /* Products */,
			);
			sourceTree = "<group>";
		};
		3C1D07CA2B6A8E290014E0D3 /* Products */ = {
			isa = PBXGroup;
			children = (
				3C1D07C92B6A8E290014E0D3 /* Sudoku_solver.app */,
				3C1D07D92B6A8E2A0014E0D3 /* Sudoku_solverTests.xctest */,
				3C1D07E32B6A8E2A0014E0D3 /* Sudoku_solverUITests.xctest */,
			);
			name = Products;
			sourceTree = "<group>";
		};
		3C1D07CB2B6A8E290014E0D3 /* Sudoku_solver */ = {
			isa = PBXGroup;
			children = (
				3C1D07CC2B6A8E290014E0D3 /* Sudoku_solverApp.swift */,
				3C1D07CE2B6A8E290014E0D3 /* SudokuView.swift */,
				3C0219D12B88D0DB00E105D7 /* logo.png */,
				3C1D07D02B6A8E2A0014E0D3 /* Assets.xcassets */,
				3C1D07D22B6A8E2A0014E0D3 /* Preview Content */,
				3C1D07F62B6A95CC0014E0D3 /* SudokuSolver.swift */,
				3C0219CF2B88C9BC00E105D7 /* HomePage.swift */,
				3C0219D32B88D46C00E105D7 /* ThemeManager.swift */,
			);
			path = Sudoku_solver;
			sourceTree = "<group>";
		};
		3C1D07D22B6A8E2A0014E0D3 /* Preview Content */ = {
			isa = PBXGroup;
			children = (
				3C1D07D32B6A8E2A0014E0D3 /* Preview Assets.xcassets */,
			);
			path = "Preview Content";
			sourceTree = "<group>";
		};
		3C1D07DC2B6A8E2A0014E0D3 /* Sudoku_solverTests */ = {
			isa = PBXGroup;
			children = (
				3C1D07DD2B6A8E2A0014E0D3 /* Sudoku_solverTests.swift */,
			);
			path = Sudoku_solverTests;
			sourceTree = "<group>";
		};
		3C1D07E62B6A8E2A0014E0D3 /* Sudoku_solverUITests */ = {
			isa = PBXGroup;
			children = (
				3C1D07E72B6A8E2A0014E0D3 /* Sudoku_solverUITests.swift */,
				3C1D07E92B6A8E2A0014E0D3 /* Sudoku_solverUITestsLaunchTests.swift */,
			);
			path = Sudoku_solverUITests;
			sourceTree = "<group>";
		};
/* End PBXGroup section */

/* Begin PBXNativeTarget section */
		3C1D07C82B6A8E290014E0D3 /* Sudoku_solver */ = {
			isa = PBXNativeTarget;
			buildConfigurationList = 3C1D07ED2B6A8E2A0014E0D3 /* Build configuration list for PBXNativeTarget "Sudoku_solver" */;
			buildPhases = (
				3C1D07C52B6A8E290014E0D3 /* Sources */,
				3C1D07C62B6A8E290014E0D3 /* Frameworks */,
				3C1D07C72B6A8E290014E0D3 /* Resources */,
			);
			buildRules = (
			);
			dependencies = (
			);
			name = Sudoku_solver;
			productName = Sudoku_solver;
			productReference = 3C1D07C92B6A8E290014E0D3 /* Sudoku_solver.app */;
			productType = "com.apple.product-type.application";
		};
		3C1D07D82B6A8E2A0014E0D3 /* Sudoku_solverTests */ = {
			isa = PBXNativeTarget;
			buildConfigurationList = 3C1D07F02B6A8E2A0014E0D3 /* Build configuration list for PBXNativeTarget "Sudoku_solverTests" */;
			buildPhases = (
				3C1D07D52B6A8E2A0014E0D3 /* Sources */,
				3C1D07D62B6A8E2A0014E0D3 /* Frameworks */,
				3C1D07D72B6A8E2A0014E0D3 /* Resources */,
			);
			buildRules = (
			);
			dependencies = (
				3C1D07DB2B6A8E2A0014E0D3 /* PBXTargetDependency */,
			);
			name = Sudoku_solverTests;
			productName = Sudoku_solverTests;
			productReference = 3C1D07D92B6A8E2A0014E0D3 /* Sudoku_solverTests.xctest */;
			productType = "com.apple.product-type.bundle.unit-test";
		};
		3C1D07E22B6A8E2A0014E0D3 /* Sudoku_solverUITests */ = {
			isa = PBXNativeTarget;
			buildConfigurationList = 3C1D07F32B6A8E2A0014E0D3 /* Build configuration list for PBXNativeTarget "Sudoku_solverUITests" */;
			buildPhases = (
				3C1D07DF2B6A8E2A0014E0D3 /* Sources */,
				3C1D07E02B6A8E2A0014E0D3 /* Frameworks */,
				3C1D07E12B6A8E2A0014E0D3 /* Resources */,
			);
			buildRules = (
			);
			dependencies = (
				3C1D07E52B6A8E2A0014E0D3 /* PBXTargetDependency */,
			);
			name = Sudoku_solverUITests;
			productName = Sudoku_solverUITests;
			productReference = 3C1D07E32B6A8E2A0014E0D3 /* Sudoku_solverUITests.xctest */;
			productType = "com.apple.product-type.bundle.ui-testing";
		};
/* End PBXNativeTarget section */

/* Begin PBXProject section */
		3C1D07C12B6A8E290014E0D3 /* Project object */ = {
			isa = PBXProject;
			attributes = {
				BuildIndependentTargetsInParallel = 1;
				LastSwiftUpdateCheck = 1520;
				LastUpgradeCheck = 1520;
				TargetAttributes = {
					3C1D07C82B6A8E290014E0D3 = {
						CreatedOnToolsVersion = 15.2;
					};
					3C1D07D82B6A8E2A0014E0D3 = {
						CreatedOnToolsVersion = 15.2;
						TestTargetID = 3C1D07C82B6A8E290014E0D3;
					};
					3C1D07E22B6A8E2A0014E0D3 = {
						CreatedOnToolsVersion = 15.2;
						TestTargetID = 3C1D07C82B6A8E290014E0D3;
					};
				};
			};
			buildConfigurationList = 3C1D07C42B6A8E290014E0D3 /* Build configuration list for PBXProject "Sudoku_solver" */;
			compatibilityVersion = "Xcode 14.0";
			developmentRegion = en;
			hasScannedForEncodings = 0;
			knownRegions = (
				en,
				Base,
			);
			mainGroup = 3C1D07C02B6A8E290014E0D3;
			productRefGroup = 3C1D07CA2B6A8E290014E0D3 /* Products */;
			projectDirPath = "";
			projectRoot = "";
			targets = (
				3C1D07C82B6A8E290014E0D3 /* Sudoku_solver */,
				3C1D07D82B6A8E2A0014E0D3 /* Sudoku_solverTests */,
				3C1D07E22B6A8E2A0014E0D3 /* Sudoku_solverUITests */,
			);
		};
/* End PBXProject section */

/* Begin PBXResourcesBuildPhase section */
		3C1D07C72B6A8E290014E0D3 /* Resources */ = {
			isa = PBXResourcesBuildPhase;
			buildActionMask = 2147483647;
			files = (
				3C0219D22B88D0DB00E105D7 /* logo.png in Resources */,
				3C1D07D42B6A8E2A0014E0D3 /* Preview Assets.xcassets in Resources */,
				3C1D07D12B6A8E2A0014E0D3 /* Assets.xcassets in Resources */,
			);
			runOnlyForDeploymentPostprocessing = 0;
		};
		3C1D07D72B6A8E2A0014E0D3 /* Resources */ = {
			isa = PBXResourcesBuildPhase;
			buildActionMask = 2147483647;
			files = (
			);
			runOnlyForDeploymentPostprocessing = 0;
		};
		3C1D07E12B6A8E2A0014E0D3 /* Resources */ = {
			isa = PBXResourcesBuildPhase;
			buildActionMask = 2147483647;
			files = (
			);
			runOnlyForDeploymentPostprocessing = 0;
		};
/* End PBXResourcesBuildPhase section */

/* Begin PBXSourcesBuildPhase section */
		3C1D07C52B6A8E290014E0D3 /* Sources */ = {
			isa = PBXSourcesBuildPhase;
			buildActionMask = 2147483647;
			files = (
				3C1D07CF2B6A8E290014E0D3 /* SudokuView.swift in Sources */,
				3C1D07CD2B6A8E290014E0D3 /* Sudoku_solverApp.swift in Sources */,
				3C0219D42B88D46C00E105D7 /* ThemeManager.swift in Sources */,
				3C1D07F72B6A95CC0014E0D3 /* SudokuSolver.swift in Sources */,
				3C0219D02B88C9BC00E105D7 /* HomePage.swift in Sources */,
			);
			runOnlyForDeploymentPostprocessing = 0;
		};
		3C1D07D52B6A8E2A0014E0D3 /* Sources */ = {
			isa = PBXSourcesBuildPhase;
			buildActionMask = 2147483647;
			files = (
				3C1D07DE2B6A8E2A0014E0D3 /* Sudoku_solverTests.swift in Sources */,
			);
			runOnlyForDeploymentPostprocessing = 0;
		};
		3C1D07DF2B6A8E2A0014E0D3 /* Sources */ = {
			isa = PBXSourcesBuildPhase;
			buildActionMask = 2147483647;
			files = (
				3C1D07EA2B6A8E2A0014E0D3 /* Sudoku_solverUITestsLaunchTests.swift in Sources */,
				3C1D07E82B6A8E2A0014E0D3 /* Sudoku_solverUITests.swift in Sources */,
			);
			runOnlyForDeploymentPostprocessing = 0;
		};
/* End PBXSourcesBuildPhase section */

/* Begin PBXTargetDependency section */
		3C1D07DB2B6A8E2A0014E0D3 /* PBXTargetDependency */ = {
			isa = PBXTargetDependency;
			target = 3C1D07C82B6A8E290014E0D3 /* Sudoku_solver */;
			targetProxy = 3C1D07DA2B6A8E2A0014E0D3 /* PBXContainerItemProxy */;
		};
		3C1D07E52B6A8E2A0014E0D3 /* PBXTargetDependency */ = {
			isa = PBXTargetDependency;
			target = 3C1D07C82B6A8E290014E0D3 /* Sudoku_solver */;
			targetProxy = 3C1D07E42B6A8E2A0014E0D3 /* PBXContainerItemProxy */;
		};
/* End PBXTargetDependency section */

/* Begin XCBuildConfiguration section */
		3C1D07EB2B6A8E2A0014E0D3 /* Debug */ = {
			isa = XCBuildConfiguration;
			buildSettings = {
				ALWAYS_SEARCH_USER_PATHS = NO;
				ASSETCATALOG_COMPILER_GENERATE_SWIFT_ASSET_SYMBOL_EXTENSIONS = YES;
				CLANG_ANALYZER_NONNULL = YES;
				CLANG_ANALYZER_NUMBER_OBJECT_CONVERSION = YES_AGGRESSIVE;
				CLANG_CXX_LANGUAGE_STANDARD = "gnu++20";
				CLANG_ENABLE_MODULES = YES;
				CLANG_ENABLE_OBJC_ARC = YES;
				CLANG_ENABLE_OBJC_WEAK = YES;
				CLANG_WARN_BLOCK_CAPTURE_AUTORELEASING = YES;
				CLANG_WARN_BOOL_CONVERSION = YES;
				CLANG_WARN_COMMA = YES;
				CLANG_WARN_CONSTANT_CONVERSION = YES;
				CLANG_WARN_DEPRECATED_OBJC_IMPLEMENTATIONS = YES;
				CLANG_WARN_DIRECT_OBJC_ISA_USAGE = YES_ERROR;
				CLANG_WARN_DOCUMENTATION_COMMENTS = YES;
				CLANG_WARN_EMPTY_BODY = YES;
				CLANG_WARN_ENUM_CONVERSION = YES;
				CLANG_WARN_INFINITE_RECURSION = YES;
				CLANG_WARN_INT_CONVERSION = YES;
				CLANG_WARN_NON_LITERAL_NULL_CONVERSION = YES;
				CLANG_WARN_OBJC_IMPLICIT_RETAIN_SELF = YES;
				CLANG_WARN_OBJC_LITERAL_CONVERSION = YES;
				CLANG_WARN_OBJC_ROOT_CLASS = YES_ERROR;
				CLANG_WARN_QUOTED_INCLUDE_IN_FRAMEWORK_HEADER = YES;
				CLANG_WARN_RANGE_LOOP_ANALYSIS = YES;
				CLANG_WARN_STRICT_PROTOTYPES = YES;
				CLANG_WARN_SUSPICIOUS_MOVE = YES;
				CLANG_WARN_UNGUARDED_AVAILABILITY = YES_AGGRESSIVE;
				CLANG_WARN_UNREACHABLE_CODE = YES;
				CLANG_WARN__DUPLICATE_METHOD_MATCH = YES;
				COPY_PHASE_STRIP = NO;
				DEBUG_INFORMATION_FORMAT = dwarf;
				ENABLE_STRICT_OBJC_MSGSEND = YES;
				ENABLE_TESTABILITY = YES;
				ENABLE_USER_SCRIPT_SANDBOXING = YES;
				GCC_C_LANGUAGE_STANDARD = gnu17;
				GCC_DYNAMIC_NO_PIC = NO;
				GCC_NO_COMMON_BLOCKS = YES;
				GCC_OPTIMIZATION_LEVEL = 0;
				GCC_PREPROCESSOR_DEFINITIONS = (
					"DEBUG=1",
					"$(inherited)",
				);
				GCC_WARN_64_TO_32_BIT_CONVERSION = YES;
				GCC_WARN_ABOUT_RETURN_TYPE = YES_ERROR;
				GCC_WARN_UNDECLARED_SELECTOR = YES;
				GCC_WARN_UNINITIALIZED_AUTOS = YES_AGGRESSIVE;
				GCC_WARN_UNUSED_FUNCTION = YES;
				GCC_WARN_UNUSED_VARIABLE = YES;
				IPHONEOS_DEPLOYMENT_TARGET = 17.2;
				LOCALIZATION_PREFERS_STRING_CATALOGS = YES;
				MTL_ENABLE_DEBUG_INFO = INCLUDE_SOURCE;
				MTL_FAST_MATH = YES;
				ONLY_ACTIVE_ARCH = YES;
				SDKROOT = iphoneos;
				SWIFT_ACTIVE_COMPILATION_CONDITIONS = "DEBUG $(inherited)";
				SWIFT_OPTIMIZATION_LEVEL = "-Onone";
			};
			name = Debug;
		};
		3C1D07EC2B6A8E2A0014E0D3 /* Release */ = {
			isa = XCBuildConfiguration;
			buildSettings = {
				ALWAYS_SEARCH_USER_PATHS = NO;
				ASSETCATALOG_COMPILER_GENERATE_SWIFT_ASSET_SYMBOL_EXTENSIONS = YES;
				CLANG_ANALYZER_NONNULL = YES;
				CLANG_ANALYZER_NUMBER_OBJECT_CONVERSION = YES_AGGRESSIVE;
				CLANG_CXX_LANGUAGE_STANDARD = "gnu++20";
				CLANG_ENABLE_MODULES = YES;
				CLANG_ENABLE_OBJC_ARC = YES;
				CLANG_ENABLE_OBJC_WEAK = YES;
				CLANG_WARN_BLOCK_CAPTURE_AUTORELEASING = YES;
				CLANG_WARN_BOOL_CONVERSION = YES;
				CLANG_WARN_COMMA = YES;
				CLANG_WARN_CONSTANT_CONVERSION = YES;
				CLANG_WARN_DEPRECATED_OBJC_IMPLEMENTATIONS = YES;
				CLANG_WARN_DIRECT_OBJC_ISA_USAGE = YES_ERROR;
				CLANG_WARN_DOCUMENTATION_COMMENTS = YES;
				CLANG_WARN_EMPTY_BODY = YES;
				CLANG_WARN_ENUM_CONVERSION = YES;
				CLANG_WARN_INFINITE_RECURSION = YES;
				CLANG_WARN_INT_CONVERSION = YES;
				CLANG_WARN_NON_LITERAL_NULL_CONVERSION = YES;
				CLANG_WARN_OBJC_IMPLICIT_RETAIN_SELF = YES;
				CLANG_WARN_OBJC_LITERAL_CONVERSION = YES;
				CLANG_WARN_OBJC_ROOT_CLASS = YES_ERROR;
				CLANG_WARN_QUOTED_INCLUDE_IN_FRAMEWORK_HEADER = YES;
				CLANG_WARN_RANGE_LOOP_ANALYSIS = YES;
				CLANG_WARN_STRICT_PROTOTYPES = YES;
				CLANG_WARN_SUSPICIOUS_MOVE = YES;
				CLANG_WARN_UNGUARDED_AVAILABILITY = YES_AGGRESSIVE;
				CLANG_WARN_UNREACHABLE_CODE = YES;
				CLANG_WARN__DUPLICATE_METHOD_MATCH = YES;
				COPY_PHASE_STRIP = NO;
				DEBUG_INFORMATION_FORMAT = "dwarf-with-dsym";
				ENABLE_NS_ASSERTIONS = NO;
				ENABLE_STRICT_OBJC_MSGSEND = YES;
				ENABLE_USER_SCRIPT_SANDBOXING = YES;
				GCC_C_LANGUAGE_STANDARD = gnu17;
				GCC_NO_COMMON_BLOCKS = YES;
				GCC_WARN_64_TO_32_BIT_CONVERSION = YES;
				GCC_WARN_ABOUT_RETURN_TYPE = YES_ERROR;
				GCC_WARN_UNDECLARED_SELECTOR = YES;
				GCC_WARN_UNINITIALIZED_AUTOS = YES_AGGRESSIVE;
				GCC_WARN_UNUSED_FUNCTION = YES;
				GCC_WARN_UNUSED_VARIABLE = YES;
				IPHONEOS_DEPLOYMENT_TARGET = 17.2;
				LOCALIZATION_PREFERS_STRING_CATALOGS = YES;
				MTL_ENABLE_DEBUG_INFO = NO;
				MTL_FAST_MATH = YES;
				SDKROOT = iphoneos;
				SWIFT_COMPILATION_MODE = wholemodule;
				VALIDATE_PRODUCT = YES;
			};
			name = Release;
		};
		3C1D07EE2B6A8E2A0014E0D3 /* Debug */ = {
			isa = XCBuildConfiguration;
			buildSettings = {
				ASSETCATALOG_COMPILER_APPICON_NAME = AppIcon;
				ASSETCATALOG_COMPILER_GLOBAL_ACCENT_COLOR_NAME = AccentColor;
				CODE_SIGN_STYLE = Automatic;
				CURRENT_PROJECT_VERSION = 1;
				DEVELOPMENT_ASSET_PATHS = "\"Sudoku_solver/Preview Content\"";
				ENABLE_PREVIEWS = YES;
				GENERATE_INFOPLIST_FILE = YES;
				INFOPLIST_KEY_UIApplicationSceneManifest_Generation = YES;
				INFOPLIST_KEY_UIApplicationSupportsIndirectInputEvents = YES;
				INFOPLIST_KEY_UILaunchScreen_Generation = YES;
				INFOPLIST_KEY_UISupportedInterfaceOrientations_iPad = "UIInterfaceOrientationPortrait UIInterfaceOrientationPortraitUpsideDown UIInterfaceOrientationLandscapeLeft UIInterfaceOrientationLandscapeRight";
				INFOPLIST_KEY_UISupportedInterfaceOrientations_iPhone = "UIInterfaceOrientationPortrait UIInterfaceOrientationLandscapeLeft UIInterfaceOrientationLandscapeRight";
				LD_RUNPATH_SEARCH_PATHS = (
					"$(inherited)",
					"@executable_path/Frameworks",
				);
				MARKETING_VERSION = 1.0;
				PRODUCT_BUNDLE_IDENTIFIER = "school.Sudoku-solver";
				PRODUCT_NAME = "$(TARGET_NAME)";
				SWIFT_EMIT_LOC_STRINGS = YES;
				SWIFT_VERSION = 5.0;
				TARGETED_DEVICE_FAMILY = "1,2";
			};
			name = Debug;
		};
		3C1D07EF2B6A8E2A0014E0D3 /* Release */ = {
			isa = XCBuildConfiguration;
			buildSettings = {
				ASSETCATALOG_COMPILER_APPICON_NAME = AppIcon;
				ASSETCATALOG_COMPILER_GLOBAL_ACCENT_COLOR_NAME = AccentColor;
				CODE_SIGN_STYLE = Automatic;
				CURRENT_PROJECT_VERSION = 1;
				DEVELOPMENT_ASSET_PATHS = "\"Sudoku_solver/Preview Content\"";
				ENABLE_PREVIEWS = YES;
				GENERATE_INFOPLIST_FILE = YES;
				INFOPLIST_KEY_UIApplicationSceneManifest_Generation = YES;
				INFOPLIST_KEY_UIApplicationSupportsIndirectInputEvents = YES;
				INFOPLIST_KEY_UILaunchScreen_Generation = YES;
				INFOPLIST_KEY_UISupportedInterfaceOrientations_iPad = "UIInterfaceOrientationPortrait UIInterfaceOrientationPortraitUpsideDown UIInterfaceOrientationLandscapeLeft UIInterfaceOrientationLandscapeRight";
				INFOPLIST_KEY_UISupportedInterfaceOrientations_iPhone = "UIInterfaceOrientationPortrait UIInterfaceOrientationLandscapeLeft UIInterfaceOrientationLandscapeRight";
				LD_RUNPATH_SEARCH_PATHS = (
					"$(inherited)",
					"@executable_path/Frameworks",
				);
				MARKETING_VERSION = 1.0;
				PRODUCT_BUNDLE_IDENTIFIER = "school.Sudoku-solver";
				PRODUCT_NAME = "$(TARGET_NAME)";
				SWIFT_EMIT_LOC_STRINGS = YES;
				SWIFT_VERSION = 5.0;
				TARGETED_DEVICE_FAMILY = "1,2";
			};
			name = Release;
		};
		3C1D07F12B6A8E2A0014E0D3 /* Debug */ = {
			isa = XCBuildConfiguration;
			buildSettings = {
				ALWAYS_EMBED_SWIFT_STANDARD_LIBRARIES = YES;
				BUNDLE_LOADER = "$(TEST_HOST)";
				CODE_SIGN_STYLE = Automatic;
				CURRENT_PROJECT_VERSION = 1;
				GENERATE_INFOPLIST_FILE = YES;
				IPHONEOS_DEPLOYMENT_TARGET = 17.2;
				MARKETING_VERSION = 1.0;
				PRODUCT_BUNDLE_IDENTIFIER = "school.Sudoku-solverTests";
				PRODUCT_NAME = "$(TARGET_NAME)";
				SWIFT_EMIT_LOC_STRINGS = NO;
				SWIFT_VERSION = 5.0;
				TARGETED_DEVICE_FAMILY = "1,2";
				TEST_HOST = "$(BUILT_PRODUCTS_DIR)/Sudoku_solver.app/$(BUNDLE_EXECUTABLE_FOLDER_PATH)/Sudoku_solver";
			};
			name = Debug;
		};
		3C1D07F22B6A8E2A0014E0D3 /* Release */ = {
			isa = XCBuildConfiguration;
			buildSettings = {
				ALWAYS_EMBED_SWIFT_STANDARD_LIBRARIES = YES;
				BUNDLE_LOADER = "$(TEST_HOST)";
				CODE_SIGN_STYLE = Automatic;
				CURRENT_PROJECT_VERSION = 1;
				GENERATE_INFOPLIST_FILE = YES;
				IPHONEOS_DEPLOYMENT_TARGET = 17.2;
				MARKETING_VERSION = 1.0;
				PRODUCT_BUNDLE_IDENTIFIER = "school.Sudoku-solverTests";
				PRODUCT_NAME = "$(TARGET_NAME)";
				SWIFT_EMIT_LOC_STRINGS = NO;
				SWIFT_VERSION = 5.0;
				TARGETED_DEVICE_FAMILY = "1,2";
				TEST_HOST = "$(BUILT_PRODUCTS_DIR)/Sudoku_solver.app/$(BUNDLE_EXECUTABLE_FOLDER_PATH)/Sudoku_solver";
			};
			name = Release;
		};
		3C1D07F42B6A8E2A0014E0D3 /* Debug */ = {
			isa = XCBuildConfiguration;
			buildSettings = {
				ALWAYS_EMBED_SWIFT_STANDARD_LIBRARIES = YES;
				CODE_SIGN_STYLE = Automatic;
				CURRENT_PROJECT_VERSION = 1;
				GENERATE_INFOPLIST_FILE = YES;
				MARKETING_VERSION = 1.0;
				PRODUCT_BUNDLE_IDENTIFIER = "school.Sudoku-solverUITests";
				PRODUCT_NAME = "$(TARGET_NAME)";
				SWIFT_EMIT_LOC_STRINGS = NO;
				SWIFT_VERSION = 5.0;
				TARGETED_DEVICE_FAMILY = "1,2";
				TEST_TARGET_NAME = Sudoku_solver;
			};
			name = Debug;
		};
		3C1D07F52B6A8E2A0014E0D3 /* Release */ = {
			isa = XCBuildConfiguration;
			buildSettings = {
				ALWAYS_EMBED_SWIFT_STANDARD_LIBRARIES = YES;
				CODE_SIGN_STYLE = Automatic;
				CURRENT_PROJECT_VERSION = 1;
				GENERATE_INFOPLIST_FILE = YES;
				MARKETING_VERSION = 1.0;
				PRODUCT_BUNDLE_IDENTIFIER = "school.Sudoku-solverUITests";
				PRODUCT_NAME = "$(TARGET_NAME)";
				SWIFT_EMIT_LOC_STRINGS = NO;
				SWIFT_VERSION = 5.0;
				TARGETED_DEVICE_FAMILY = "1,2";
				TEST_TARGET_NAME = Sudoku_solver;
			};
			name = Release;
		};
/* End XCBuildConfiguration section */

/* Begin XCConfigurationList section */
		3C1D07C42B6A8E290014E0D3 /* Build configuration list for PBXProject "Sudoku_solver" */ = {
			isa = XCConfigurationList;
			buildConfigurations = (
				3C1D07EB2B6A8E2A0014E0D3 /* Debug */,
				3C1D07EC2B6A8E2A0014E0D3 /* Release */,
			);
			defaultConfigurationIsVisible = 0;
			defaultConfigurationName = Release;
		};
		3C1D07ED2B6A8E2A0014E0D3 /* Build configuration list for PBXNativeTarget "Sudoku_solver" */ = {
			isa = XCConfigurationList;
			buildConfigurations = (
				3C1D07EE2B6A8E2A0014E0D3 /* Debug */,
				3C1D07EF2B6A8E2A0014E0D3 /* Release */,
			);
			defaultConfigurationIsVisible = 0;
			defaultConfigurationName = Release;
		};
		3C1D07F02B6A8E2A0014E0D3 /* Build configuration list for PBXNativeTarget "Sudoku_solverTests" */ = {
			isa = XCConfigurationList;
			buildConfigurations = (
				3C1D07F12B6A8E2A0014E0D3 /* Debug */,
				3C1D07F22B6A8E2A0014E0D3 /* Release */,
			);
			defaultConfigurationIsVisible = 0;
			defaultConfigurationName = Release;
		};
		3C1D07F32B6A8E2A0014E0D3 /* Build configuration list for PBXNativeTarget "Sudoku_solverUITests" */ = {
			isa = XCConfigurationList;
			buildConfigurations = (
				3C1D07F42B6A8E2A0014E0D3 /* Debug */,
				3C1D07F52B6A8E2A0014E0D3 /* Release */,
			);
			defaultConfigurationIsVisible = 0;
			defaultConfigurationName = Release;
		};
/* End XCConfigurationList section */
	};
	rootObject = 3C1D07C12B6A8E290014E0D3 /* Project object */;
}
